// !$*UTF8*$!
{
	archiveVersion = 1;
	classes = {
	};
	objectVersion = 46;
	objects = {

/* Begin PBXBuildFile section */
		6A0B50911D1DD20800EDC0FB /* AppDelegate.swift in Sources */ = {isa = PBXBuildFile; fileRef = 6A0B50901D1DD20800EDC0FB /* AppDelegate.swift */; };
		6A0B50931D1DD20800EDC0FB /* HRViewController.swift in Sources */ = {isa = PBXBuildFile; fileRef = 6A0B50921D1DD20800EDC0FB /* HRViewController.swift */; };
		6A0B50961D1DD20800EDC0FB /* Main.storyboard in Resources */ = {isa = PBXBuildFile; fileRef = 6A0B50941D1DD20800EDC0FB /* Main.storyboard */; };
		6A0B50981D1DD20800EDC0FB /* Assets.xcassets in Resources */ = {isa = PBXBuildFile; fileRef = 6A0B50971D1DD20800EDC0FB /* Assets.xcassets */; };
		6A0B509B1D1DD20800EDC0FB /* LaunchScreen.storyboard in Resources */ = {isa = PBXBuildFile; fileRef = 6A0B50991D1DD20800EDC0FB /* LaunchScreen.storyboard */; };
		6A0B50A81D1DD2BF00EDC0FB /* Interface.storyboard in Resources */ = {isa = PBXBuildFile; fileRef = 6A0B50A61D1DD2BF00EDC0FB /* Interface.storyboard */; };
		6A0B50AA1D1DD2BF00EDC0FB /* Assets.xcassets in Resources */ = {isa = PBXBuildFile; fileRef = 6A0B50A91D1DD2BF00EDC0FB /* Assets.xcassets */; };
		6A0B50B11D1DD2BF00EDC0FB /* getHeartRate Extension.appex in Embed App Extensions */ = {isa = PBXBuildFile; fileRef = 6A0B50B01D1DD2BF00EDC0FB /* getHeartRate Extension.appex */; settings = {ATTRIBUTES = (RemoveHeadersOnCopy, ); }; };
		6A0B50B61D1DD2BF00EDC0FB /* InterfaceController.swift in Sources */ = {isa = PBXBuildFile; fileRef = 6A0B50B51D1DD2BF00EDC0FB /* InterfaceController.swift */; };
		6A0B50B81D1DD2BF00EDC0FB /* ExtensionDelegate.swift in Sources */ = {isa = PBXBuildFile; fileRef = 6A0B50B71D1DD2BF00EDC0FB /* ExtensionDelegate.swift */; };
		6A0B50BA1D1DD2BF00EDC0FB /* Assets.xcassets in Resources */ = {isa = PBXBuildFile; fileRef = 6A0B50B91D1DD2BF00EDC0FB /* Assets.xcassets */; };
		6A0B50BE1D1DD2BF00EDC0FB /* getHeartRate.app in Embed Watch Content */ = {isa = PBXBuildFile; fileRef = 6A0B50A41D1DD2BF00EDC0FB /* getHeartRate.app */; };
		6A0B50C81D1DDC2800EDC0FB /* HealthKit.framework in Frameworks */ = {isa = PBXBuildFile; fileRef = 6A0B50C71D1DDC2800EDC0FB /* HealthKit.framework */; };
		6A0B50CC1D1DDC3300EDC0FB /* HealthKit.framework in Frameworks */ = {isa = PBXBuildFile; fileRef = 6A0B50CB1D1DDC3300EDC0FB /* HealthKit.framework */; };
		6A0B50CD1D1DDE7400EDC0FB /* HealthKit.framework in Frameworks */ = {isa = PBXBuildFile; fileRef = 6A0B50CB1D1DDC3300EDC0FB /* HealthKit.framework */; };
		6A4EFF461D2440A90004B8F8 /* eon.html in Resources */ = {isa = PBXBuildFile; fileRef = 6A4EFF451D2440A90004B8F8 /* eon.html */; };
		6A5996D81D23C48F0084CDFD /* Fabric.framework in Frameworks */ = {isa = PBXBuildFile; fileRef = 6A5996D41D23C48F0084CDFD /* Fabric.framework */; };
		6A5996D91D23C48F0084CDFD /* TwitterKit.framework in Frameworks */ = {isa = PBXBuildFile; fileRef = 6A5996D51D23C48F0084CDFD /* TwitterKit.framework */; };
		6A5996DA1D23C48F0084CDFD /* TwitterKitResources.bundle in Resources */ = {isa = PBXBuildFile; fileRef = 6A5996D61D23C48F0084CDFD /* TwitterKitResources.bundle */; };
		6A5996DB1D23C48F0084CDFD /* TwitterCore.framework in Frameworks */ = {isa = PBXBuildFile; fileRef = 6A5996D71D23C48F0084CDFD /* TwitterCore.framework */; };
		6A5996DD1D23CA110084CDFD /* TwitterViewController.swift in Sources */ = {isa = PBXBuildFile; fileRef = 6A5996DC1D23CA110084CDFD /* TwitterViewController.swift */; };
		6ADC6CE61D263B11004D6B4F /* Crashlytics.framework in Frameworks */ = {isa = PBXBuildFile; fileRef = 6ADC6CE51D263B11004D6B4F /* Crashlytics.framework */; };
		90C9C7EB47DE6FCE3919EA2E /* Pods_piHeartRate.framework in Frameworks */ = {isa = PBXBuildFile; fileRef = 6531CBF0B9E371BB5E4B7A8B /* Pods_piHeartRate.framework */; };
		D4F79C9764E19A5DB32C3680 /* Pods_getHeartRate_Extension.framework in Frameworks */ = {isa = PBXBuildFile; fileRef = FACEA7402FC0DEA18ECF5A21 /* Pods_getHeartRate_Extension.framework */; };
		F934861D20F0B768E2A63C74 /* Pods_getHeartRate.framework in Frameworks */ = {isa = PBXBuildFile; fileRef = 3F0F80B3E8B7244119DA2265 /* Pods_getHeartRate.framework */; };
/* End PBXBuildFile section */

/* Begin PBXContainerItemProxy section */
		6A0B50B21D1DD2BF00EDC0FB /* PBXContainerItemProxy */ = {
			isa = PBXContainerItemProxy;
			containerPortal = 6A0B50851D1DD20700EDC0FB /* Project object */;
			proxyType = 1;
			remoteGlobalIDString = 6A0B50AF1D1DD2BF00EDC0FB;
			remoteInfo = "getHeartRate Extension";
		};
		6A0B50BC1D1DD2BF00EDC0FB /* PBXContainerItemProxy */ = {
			isa = PBXContainerItemProxy;
			containerPortal = 6A0B50851D1DD20700EDC0FB /* Project object */;
			proxyType = 1;
			remoteGlobalIDString = 6A0B50A31D1DD2BF00EDC0FB;
			remoteInfo = getHeartRate;
		};
/* End PBXContainerItemProxy section */

/* Begin PBXCopyFilesBuildPhase section */
		6A0B50C21D1DD2BF00EDC0FB /* Embed App Extensions */ = {
			isa = PBXCopyFilesBuildPhase;
			buildActionMask = 2147483647;
			dstPath = "";
			dstSubfolderSpec = 13;
			files = (
				6A0B50B11D1DD2BF00EDC0FB /* getHeartRate Extension.appex in Embed App Extensions */,
			);
			name = "Embed App Extensions";
			runOnlyForDeploymentPostprocessing = 0;
		};
		6A0B50C61D1DD2BF00EDC0FB /* Embed Watch Content */ = {
			isa = PBXCopyFilesBuildPhase;
			buildActionMask = 2147483647;
			dstPath = "$(CONTENTS_FOLDER_PATH)/Watch";
			dstSubfolderSpec = 16;
			files = (
				6A0B50BE1D1DD2BF00EDC0FB /* getHeartRate.app in Embed Watch Content */,
			);
			name = "Embed Watch Content";
			runOnlyForDeploymentPostprocessing = 0;
		};
/* End PBXCopyFilesBuildPhase section */

/* Begin PBXFileReference section */
		0F11335E839F75E3E99B3DE1 /* Pods-getHeartRate.release.xcconfig */ = {isa = PBXFileReference; includeInIndex = 1; lastKnownFileType = text.xcconfig; name = "Pods-getHeartRate.release.xcconfig"; path = "../Pods/Target Support Files/Pods-getHeartRate/Pods-getHeartRate.release.xcconfig"; sourceTree = "<group>"; };
		1F35D0E4261B5E6B408B1CB1 /* Pods-getHeartRate.debug.xcconfig */ = {isa = PBXFileReference; includeInIndex = 1; lastKnownFileType = text.xcconfig; name = "Pods-getHeartRate.debug.xcconfig"; path = "../Pods/Target Support Files/Pods-getHeartRate/Pods-getHeartRate.debug.xcconfig"; sourceTree = "<group>"; };
		3F0F80B3E8B7244119DA2265 /* Pods_getHeartRate.framework */ = {isa = PBXFileReference; explicitFileType = wrapper.framework; includeInIndex = 0; path = Pods_getHeartRate.framework; sourceTree = BUILT_PRODUCTS_DIR; };
		481BB53A415765FA17F0200A /* Pods-getHeartRate Extension.debug.xcconfig */ = {isa = PBXFileReference; includeInIndex = 1; lastKnownFileType = text.xcconfig; name = "Pods-getHeartRate Extension.debug.xcconfig"; path = "../Pods/Target Support Files/Pods-getHeartRate Extension/Pods-getHeartRate Extension.debug.xcconfig"; sourceTree = "<group>"; };
		6531CBF0B9E371BB5E4B7A8B /* Pods_piHeartRate.framework */ = {isa = PBXFileReference; explicitFileType = wrapper.framework; includeInIndex = 0; path = Pods_piHeartRate.framework; sourceTree = BUILT_PRODUCTS_DIR; };
		6A0B508D1D1DD20800EDC0FB /* piHeartRate.app */ = {isa = PBXFileReference; explicitFileType = wrapper.application; includeInIndex = 0; path = piHeartRate.app; sourceTree = BUILT_PRODUCTS_DIR; };
		6A0B50901D1DD20800EDC0FB /* AppDelegate.swift */ = {isa = PBXFileReference; lastKnownFileType = sourcecode.swift; path = AppDelegate.swift; sourceTree = "<group>"; };
		6A0B50921D1DD20800EDC0FB /* HRViewController.swift */ = {isa = PBXFileReference; lastKnownFileType = sourcecode.swift; path = HRViewController.swift; sourceTree = "<group>"; };
		6A0B50951D1DD20800EDC0FB /* Base */ = {isa = PBXFileReference; lastKnownFileType = file.storyboard; name = Base; path = Base.lproj/Main.storyboard; sourceTree = "<group>"; };
		6A0B50971D1DD20800EDC0FB /* Assets.xcassets */ = {isa = PBXFileReference; lastKnownFileType = folder.assetcatalog; path = Assets.xcassets; sourceTree = "<group>"; };
		6A0B509A1D1DD20800EDC0FB /* Base */ = {isa = PBXFileReference; lastKnownFileType = file.storyboard; name = Base; path = Base.lproj/LaunchScreen.storyboard; sourceTree = "<group>"; };
		6A0B509C1D1DD20800EDC0FB /* Info.plist */ = {isa = PBXFileReference; lastKnownFileType = text.plist.xml; path = Info.plist; sourceTree = "<group>"; };
		6A0B50A41D1DD2BF00EDC0FB /* getHeartRate.app */ = {isa = PBXFileReference; explicitFileType = wrapper.application; includeInIndex = 0; path = getHeartRate.app; sourceTree = BUILT_PRODUCTS_DIR; };
		6A0B50A71D1DD2BF00EDC0FB /* Base */ = {isa = PBXFileReference; lastKnownFileType = file.storyboard; name = Base; path = Base.lproj/Interface.storyboard; sourceTree = "<group>"; };
		6A0B50A91D1DD2BF00EDC0FB /* Assets.xcassets */ = {isa = PBXFileReference; lastKnownFileType = folder.assetcatalog; path = Assets.xcassets; sourceTree = "<group>"; };
		6A0B50AB1D1DD2BF00EDC0FB /* Info.plist */ = {isa = PBXFileReference; lastKnownFileType = text.plist.xml; path = Info.plist; sourceTree = "<group>"; };
		6A0B50B01D1DD2BF00EDC0FB /* getHeartRate Extension.appex */ = {isa = PBXFileReference; explicitFileType = "wrapper.app-extension"; includeInIndex = 0; path = "getHeartRate Extension.appex"; sourceTree = BUILT_PRODUCTS_DIR; };
		6A0B50B51D1DD2BF00EDC0FB /* InterfaceController.swift */ = {isa = PBXFileReference; lastKnownFileType = sourcecode.swift; path = InterfaceController.swift; sourceTree = "<group>"; };
		6A0B50B71D1DD2BF00EDC0FB /* ExtensionDelegate.swift */ = {isa = PBXFileReference; lastKnownFileType = sourcecode.swift; path = ExtensionDelegate.swift; sourceTree = "<group>"; };
		6A0B50B91D1DD2BF00EDC0FB /* Assets.xcassets */ = {isa = PBXFileReference; lastKnownFileType = folder.assetcatalog; path = Assets.xcassets; sourceTree = "<group>"; };
		6A0B50BB1D1DD2BF00EDC0FB /* Info.plist */ = {isa = PBXFileReference; lastKnownFileType = text.plist.xml; path = Info.plist; sourceTree = "<group>"; };
		6A0B50C71D1DDC2800EDC0FB /* HealthKit.framework */ = {isa = PBXFileReference; lastKnownFileType = wrapper.framework; name = HealthKit.framework; path = System/Library/Frameworks/HealthKit.framework; sourceTree = SDKROOT; };
		6A0B50C91D1DDC2800EDC0FB /* piHeartRate.entitlements */ = {isa = PBXFileReference; lastKnownFileType = text.xml; path = piHeartRate.entitlements; sourceTree = "<group>"; };
		6A0B50CA1D1DDC3300EDC0FB /* getHeartRate Extension.entitlements */ = {isa = PBXFileReference; lastKnownFileType = text.xml; path = "getHeartRate Extension.entitlements"; sourceTree = "<group>"; };
		6A0B50CB1D1DDC3300EDC0FB /* HealthKit.framework */ = {isa = PBXFileReference; lastKnownFileType = wrapper.framework; name = HealthKit.framework; path = Platforms/WatchOS.platform/Developer/SDKs/WatchOS2.2.sdk/System/Library/Frameworks/HealthKit.framework; sourceTree = DEVELOPER_DIR; };
		6A4EFF451D2440A90004B8F8 /* eon.html */ = {isa = PBXFileReference; fileEncoding = 4; lastKnownFileType = text.html; path = eon.html; sourceTree = "<group>"; };
		6A5996D41D23C48F0084CDFD /* Fabric.framework */ = {isa = PBXFileReference; lastKnownFileType = wrapper.framework; path = Fabric.framework; sourceTree = "<group>"; };
		6A5996D51D23C48F0084CDFD /* TwitterKit.framework */ = {isa = PBXFileReference; lastKnownFileType = wrapper.framework; path = TwitterKit.framework; sourceTree = "<group>"; };
		6A5996D61D23C48F0084CDFD /* TwitterKitResources.bundle */ = {isa = PBXFileReference; lastKnownFileType = "wrapper.plug-in"; name = TwitterKitResources.bundle; path = TwitterKit.framework/Versions/A/Resources/TwitterKitResources.bundle; sourceTree = "<group>"; };
		6A5996D71D23C48F0084CDFD /* TwitterCore.framework */ = {isa = PBXFileReference; lastKnownFileType = wrapper.framework; path = TwitterCore.framework; sourceTree = "<group>"; };
		6A5996DC1D23CA110084CDFD /* TwitterViewController.swift */ = {isa = PBXFileReference; fileEncoding = 4; lastKnownFileType = sourcecode.swift; path = TwitterViewController.swift; sourceTree = "<group>"; };
		6ADC6CE51D263B11004D6B4F /* Crashlytics.framework */ = {isa = PBXFileReference; lastKnownFileType = wrapper.framework; path = Crashlytics.framework; sourceTree = "<group>"; };
		7244D1D81D83C0D3C6420687 /* Pods-piHeartRate.debug.xcconfig */ = {isa = PBXFileReference; includeInIndex = 1; lastKnownFileType = text.xcconfig; name = "Pods-piHeartRate.debug.xcconfig"; path = "../Pods/Target Support Files/Pods-piHeartRate/Pods-piHeartRate.debug.xcconfig"; sourceTree = "<group>"; };
		DD6030FD86778B9FA5076406 /* Pods-piHeartRate.release.xcconfig */ = {isa = PBXFileReference; includeInIndex = 1; lastKnownFileType = text.xcconfig; name = "Pods-piHeartRate.release.xcconfig"; path = "../Pods/Target Support Files/Pods-piHeartRate/Pods-piHeartRate.release.xcconfig"; sourceTree = "<group>"; };
		DE63EABEDE5BC4DFA4EF6302 /* Pods-getHeartRate Extension.release.xcconfig */ = {isa = PBXFileReference; includeInIndex = 1; lastKnownFileType = text.xcconfig; name = "Pods-getHeartRate Extension.release.xcconfig"; path = "../Pods/Target Support Files/Pods-getHeartRate Extension/Pods-getHeartRate Extension.release.xcconfig"; sourceTree = "<group>"; };
		FACEA7402FC0DEA18ECF5A21 /* Pods_getHeartRate_Extension.framework */ = {isa = PBXFileReference; explicitFileType = wrapper.framework; includeInIndex = 0; path = Pods_getHeartRate_Extension.framework; sourceTree = BUILT_PRODUCTS_DIR; };
/* End PBXFileReference section */

/* Begin PBXFrameworksBuildPhase section */
		4001D4C586B2A7C5B917BD80 /* Frameworks */ = {
			isa = PBXFrameworksBuildPhase;
			buildActionMask = 2147483647;
			files = (
				6A0B50CD1D1DDE7400EDC0FB /* HealthKit.framework in Frameworks */,
				F934861D20F0B768E2A63C74 /* Pods_getHeartRate.framework in Frameworks */,
			);
			runOnlyForDeploymentPostprocessing = 0;
		};
		6A0B508A1D1DD20800EDC0FB /* Frameworks */ = {
			isa = PBXFrameworksBuildPhase;
			buildActionMask = 2147483647;
			files = (
				6A5996DB1D23C48F0084CDFD /* TwitterCore.framework in Frameworks */,
				90C9C7EB47DE6FCE3919EA2E /* Pods_piHeartRate.framework in Frameworks */,
				6A0B50C81D1DDC2800EDC0FB /* HealthKit.framework in Frameworks */,
				6A5996D81D23C48F0084CDFD /* Fabric.framework in Frameworks */,
				6ADC6CE61D263B11004D6B4F /* Crashlytics.framework in Frameworks */,
				6A5996D91D23C48F0084CDFD /* TwitterKit.framework in Frameworks */,
			);
			runOnlyForDeploymentPostprocessing = 0;
		};
		6A0B50AD1D1DD2BF00EDC0FB /* Frameworks */ = {
			isa = PBXFrameworksBuildPhase;
			buildActionMask = 2147483647;
			files = (
				D4F79C9764E19A5DB32C3680 /* Pods_getHeartRate_Extension.framework in Frameworks */,
				6A0B50CC1D1DDC3300EDC0FB /* HealthKit.framework in Frameworks */,
			);
			runOnlyForDeploymentPostprocessing = 0;
		};
/* End PBXFrameworksBuildPhase section */

/* Begin PBXGroup section */
		4D648F0407CEB65736EF6AF3 /* Frameworks */ = {
			isa = PBXGroup;
			children = (
				6A0B50CB1D1DDC3300EDC0FB /* HealthKit.framework */,
				6A0B50C71D1DDC2800EDC0FB /* HealthKit.framework */,
				3F0F80B3E8B7244119DA2265 /* Pods_getHeartRate.framework */,
				FACEA7402FC0DEA18ECF5A21 /* Pods_getHeartRate_Extension.framework */,
				6531CBF0B9E371BB5E4B7A8B /* Pods_piHeartRate.framework */,
			);
			name = Frameworks;
			sourceTree = "<group>";
		};
		6A0B50841D1DD20700EDC0FB = {
			isa = PBXGroup;
			children = (
				6A4EFF451D2440A90004B8F8 /* eon.html */,
				6ADC6CE51D263B11004D6B4F /* Crashlytics.framework */,
				6A5996D41D23C48F0084CDFD /* Fabric.framework */,
				6A5996D51D23C48F0084CDFD /* TwitterKit.framework */,
				6A5996D61D23C48F0084CDFD /* TwitterKitResources.bundle */,
				6A5996D71D23C48F0084CDFD /* TwitterCore.framework */,
				6A0B508F1D1DD20800EDC0FB /* piHeartRate */,
				6A0B50A51D1DD2BF00EDC0FB /* getHeartRate */,
				6A0B50B41D1DD2BF00EDC0FB /* getHeartRate Extension */,
				6A0B508E1D1DD20800EDC0FB /* Products */,
				C2AD22B851D2F0D951A283A1 /* Pods */,
				4D648F0407CEB65736EF6AF3 /* Frameworks */,
			);
			sourceTree = "<group>";
		};
		6A0B508E1D1DD20800EDC0FB /* Products */ = {
			isa = PBXGroup;
			children = (
				6A0B508D1D1DD20800EDC0FB /* piHeartRate.app */,
				6A0B50A41D1DD2BF00EDC0FB /* getHeartRate.app */,
				6A0B50B01D1DD2BF00EDC0FB /* getHeartRate Extension.appex */,
			);
			name = Products;
			sourceTree = "<group>";
		};
		6A0B508F1D1DD20800EDC0FB /* piHeartRate */ = {
			isa = PBXGroup;
			children = (
				6A0B50C91D1DDC2800EDC0FB /* piHeartRate.entitlements */,
				6A0B50901D1DD20800EDC0FB /* AppDelegate.swift */,
				6A0B50921D1DD20800EDC0FB /* HRViewController.swift */,
				6A5996DC1D23CA110084CDFD /* TwitterViewController.swift */,
				6A0B50941D1DD20800EDC0FB /* Main.storyboard */,
				6A0B50971D1DD20800EDC0FB /* Assets.xcassets */,
				6A0B50991D1DD20800EDC0FB /* LaunchScreen.storyboard */,
				6A0B509C1D1DD20800EDC0FB /* Info.plist */,
			);
			path = piHeartRate;
			sourceTree = "<group>";
		};
		6A0B50A51D1DD2BF00EDC0FB /* getHeartRate */ = {
			isa = PBXGroup;
			children = (
				6A0B50A61D1DD2BF00EDC0FB /* Interface.storyboard */,
				6A0B50A91D1DD2BF00EDC0FB /* Assets.xcassets */,
				6A0B50AB1D1DD2BF00EDC0FB /* Info.plist */,
			);
			path = getHeartRate;
			sourceTree = "<group>";
		};
		6A0B50B41D1DD2BF00EDC0FB /* getHeartRate Extension */ = {
			isa = PBXGroup;
			children = (
				6A0B50CA1D1DDC3300EDC0FB /* getHeartRate Extension.entitlements */,
				6A0B50B51D1DD2BF00EDC0FB /* InterfaceController.swift */,
				6A0B50B71D1DD2BF00EDC0FB /* ExtensionDelegate.swift */,
				6A0B50B91D1DD2BF00EDC0FB /* Assets.xcassets */,
				6A0B50BB1D1DD2BF00EDC0FB /* Info.plist */,
			);
			path = "getHeartRate Extension";
			sourceTree = "<group>";
		};
		C2AD22B851D2F0D951A283A1 /* Pods */ = {
			isa = PBXGroup;
			children = (
				1F35D0E4261B5E6B408B1CB1 /* Pods-getHeartRate.debug.xcconfig */,
				0F11335E839F75E3E99B3DE1 /* Pods-getHeartRate.release.xcconfig */,
				481BB53A415765FA17F0200A /* Pods-getHeartRate Extension.debug.xcconfig */,
				DE63EABEDE5BC4DFA4EF6302 /* Pods-getHeartRate Extension.release.xcconfig */,
				7244D1D81D83C0D3C6420687 /* Pods-piHeartRate.debug.xcconfig */,
				DD6030FD86778B9FA5076406 /* Pods-piHeartRate.release.xcconfig */,
			);
			name = Pods;
			sourceTree = "<group>";
		};
/* End PBXGroup section */

/* Begin PBXNativeTarget section */
		6A0B508C1D1DD20800EDC0FB /* piHeartRate */ = {
			isa = PBXNativeTarget;
			buildConfigurationList = 6A0B509F1D1DD20800EDC0FB /* Build configuration list for PBXNativeTarget "piHeartRate" */;
			buildPhases = (
				41EB4ADE5C06F3867B6D39BD /* [CP] Check Pods Manifest.lock */,
				6A0B50891D1DD20800EDC0FB /* Sources */,
				6A0B508A1D1DD20800EDC0FB /* Frameworks */,
				6A0B508B1D1DD20800EDC0FB /* Resources */,
				6A0B50C61D1DD2BF00EDC0FB /* Embed Watch Content */,
				9836E2422C5CCA19E2A45644 /* [CP] Embed Pods Frameworks */,
				C51E8C66107222799C7E31EE /* [CP] Copy Pods Resources */,
				6A5996D31D23C4230084CDFD /* ShellScript */,
			);
			buildRules = (
			);
			dependencies = (
				6A0B50BD1D1DD2BF00EDC0FB /* PBXTargetDependency */,
			);
			name = piHeartRate;
			productName = piHeartRate;
			productReference = 6A0B508D1D1DD20800EDC0FB /* piHeartRate.app */;
			productType = "com.apple.product-type.application";
		};
		6A0B50A31D1DD2BF00EDC0FB /* getHeartRate */ = {
			isa = PBXNativeTarget;
			buildConfigurationList = 6A0B50C31D1DD2BF00EDC0FB /* Build configuration list for PBXNativeTarget "getHeartRate" */;
			buildPhases = (
				338D5985BD7FEB8146C3DCAE /* [CP] Check Pods Manifest.lock */,
				6A0B50A21D1DD2BF00EDC0FB /* Resources */,
				6A0B50C21D1DD2BF00EDC0FB /* Embed App Extensions */,
				4001D4C586B2A7C5B917BD80 /* Frameworks */,
				9C389FD4660FEA1E370E37B9 /* [CP] Copy Pods Resources */,
			);
			buildRules = (
			);
			dependencies = (
				6A0B50B31D1DD2BF00EDC0FB /* PBXTargetDependency */,
			);
			name = getHeartRate;
			productName = getHeartRate;
			productReference = 6A0B50A41D1DD2BF00EDC0FB /* getHeartRate.app */;
			productType = "com.apple.product-type.application.watchapp2";
		};
		6A0B50AF1D1DD2BF00EDC0FB /* getHeartRate Extension */ = {
			isa = PBXNativeTarget;
			buildConfigurationList = 6A0B50BF1D1DD2BF00EDC0FB /* Build configuration list for PBXNativeTarget "getHeartRate Extension" */;
			buildPhases = (
				C88F0434B8A9F5F1C6E91522 /* [CP] Check Pods Manifest.lock */,
				6A0B50AC1D1DD2BF00EDC0FB /* Sources */,
				6A0B50AD1D1DD2BF00EDC0FB /* Frameworks */,
				6A0B50AE1D1DD2BF00EDC0FB /* Resources */,
				7EE3153D9CBD10163E578BEE /* [CP] Embed Pods Frameworks */,
				3DD9DD785CD136E011466B34 /* [CP] Copy Pods Resources */,
			);
			buildRules = (
			);
			dependencies = (
			);
			name = "getHeartRate Extension";
			productName = "getHeartRate Extension";
			productReference = 6A0B50B01D1DD2BF00EDC0FB /* getHeartRate Extension.appex */;
			productType = "com.apple.product-type.watchkit2-extension";
		};
/* End PBXNativeTarget section */

/* Begin PBXProject section */
		6A0B50851D1DD20700EDC0FB /* Project object */ = {
			isa = PBXProject;
			attributes = {
				LastSwiftUpdateCheck = 0730;
				LastUpgradeCheck = 0730;
				ORGANIZATIONNAME = "Lizzie Siegle";
				TargetAttributes = {
					6A0B508C1D1DD20800EDC0FB = {
						CreatedOnToolsVersion = 7.3.1;
						DevelopmentTeam = 6NUB37727Z;
						SystemCapabilities = {
							com.apple.HealthKit = {
								enabled = 1;
							};
						};
					};
					6A0B50A31D1DD2BF00EDC0FB = {
						CreatedOnToolsVersion = 7.3.1;
						DevelopmentTeam = 6NUB37727Z;
					};
					6A0B50AF1D1DD2BF00EDC0FB = {
						CreatedOnToolsVersion = 7.3.1;
						DevelopmentTeam = 6NUB37727Z;
						SystemCapabilities = {
							com.apple.HealthKit = {
								enabled = 1;
							};
						};
					};
				};
			};
			buildConfigurationList = 6A0B50881D1DD20700EDC0FB /* Build configuration list for PBXProject "piHeartRate" */;
			compatibilityVersion = "Xcode 3.2";
			developmentRegion = English;
			hasScannedForEncodings = 0;
			knownRegions = (
				en,
				Base,
			);
			mainGroup = 6A0B50841D1DD20700EDC0FB;
			productRefGroup = 6A0B508E1D1DD20800EDC0FB /* Products */;
			projectDirPath = "";
			projectRoot = "";
			targets = (
				6A0B508C1D1DD20800EDC0FB /* piHeartRate */,
				6A0B50A31D1DD2BF00EDC0FB /* getHeartRate */,
				6A0B50AF1D1DD2BF00EDC0FB /* getHeartRate Extension */,
			);
		};
/* End PBXProject section */

/* Begin PBXResourcesBuildPhase section */
		6A0B508B1D1DD20800EDC0FB /* Resources */ = {
			isa = PBXResourcesBuildPhase;
			buildActionMask = 2147483647;
			files = (
				6A5996DA1D23C48F0084CDFD /* TwitterKitResources.bundle in Resources */,
				6A0B509B1D1DD20800EDC0FB /* LaunchScreen.storyboard in Resources */,
				6A4EFF461D2440A90004B8F8 /* eon.html in Resources */,
				6A0B50981D1DD20800EDC0FB /* Assets.xcassets in Resources */,
				6A0B50961D1DD20800EDC0FB /* Main.storyboard in Resources */,
			);
			runOnlyForDeploymentPostprocessing = 0;
		};
		6A0B50A21D1DD2BF00EDC0FB /* Resources */ = {
			isa = PBXResourcesBuildPhase;
			buildActionMask = 2147483647;
			files = (
				6A0B50AA1D1DD2BF00EDC0FB /* Assets.xcassets in Resources */,
				6A0B50A81D1DD2BF00EDC0FB /* Interface.storyboard in Resources */,
			);
			runOnlyForDeploymentPostprocessing = 0;
		};
		6A0B50AE1D1DD2BF00EDC0FB /* Resources */ = {
			isa = PBXResourcesBuildPhase;
			buildActionMask = 2147483647;
			files = (
				6A0B50BA1D1DD2BF00EDC0FB /* Assets.xcassets in Resources */,
			);
			runOnlyForDeploymentPostprocessing = 0;
		};
/* End PBXResourcesBuildPhase section */

/* Begin PBXShellScriptBuildPhase section */
		338D5985BD7FEB8146C3DCAE /* [CP] Check Pods Manifest.lock */ = {
			isa = PBXShellScriptBuildPhase;
			buildActionMask = 2147483647;
			files = (
			);
			inputPaths = (
			);
			name = "[CP] Check Pods Manifest.lock";
			outputPaths = (
			);
			runOnlyForDeploymentPostprocessing = 0;
			shellPath = /bin/sh;
			shellScript = "diff \"${PODS_ROOT}/../Podfile.lock\" \"${PODS_ROOT}/Manifest.lock\" > /dev/null\nif [[ $? != 0 ]] ; then\n    cat << EOM\nerror: The sandbox is not in sync with the Podfile.lock. Run 'pod install' or update your CocoaPods installation.\nEOM\n    exit 1\nfi\n";
			showEnvVarsInLog = 0;
		};
		3DD9DD785CD136E011466B34 /* [CP] Copy Pods Resources */ = {
			isa = PBXShellScriptBuildPhase;
			buildActionMask = 2147483647;
			files = (
			);
			inputPaths = (
			);
			name = "[CP] Copy Pods Resources";
			outputPaths = (
			);
			runOnlyForDeploymentPostprocessing = 0;
			shellPath = /bin/sh;
			shellScript = "\"${SRCROOT}/../Pods/Target Support Files/Pods-getHeartRate Extension/Pods-getHeartRate Extension-resources.sh\"\n";
			showEnvVarsInLog = 0;
		};
		41EB4ADE5C06F3867B6D39BD /* [CP] Check Pods Manifest.lock */ = {
			isa = PBXShellScriptBuildPhase;
			buildActionMask = 2147483647;
			files = (
			);
			inputPaths = (
			);
			name = "[CP] Check Pods Manifest.lock";
			outputPaths = (
			);
			runOnlyForDeploymentPostprocessing = 0;
			shellPath = /bin/sh;
			shellScript = "diff \"${PODS_ROOT}/../Podfile.lock\" \"${PODS_ROOT}/Manifest.lock\" > /dev/null\nif [[ $? != 0 ]] ; then\n    cat << EOM\nerror: The sandbox is not in sync with the Podfile.lock. Run 'pod install' or update your CocoaPods installation.\nEOM\n    exit 1\nfi\n";
			showEnvVarsInLog = 0;
		};
		6A5996D31D23C4230084CDFD /* ShellScript */ = {
			isa = PBXShellScriptBuildPhase;
			buildActionMask = 2147483647;
			files = (
			);
			inputPaths = (
			);
			outputPaths = (
			);
			runOnlyForDeploymentPostprocessing = 0;
			shellPath = /bin/sh;
			shellScript = "";
		};
		7EE3153D9CBD10163E578BEE /* [CP] Embed Pods Frameworks */ = {
			isa = PBXShellScriptBuildPhase;
			buildActionMask = 2147483647;
			files = (
			);
			inputPaths = (
			);
			name = "[CP] Embed Pods Frameworks";
			outputPaths = (
			);
			runOnlyForDeploymentPostprocessing = 0;
			shellPath = /bin/sh;
			shellScript = "\"${SRCROOT}/../Pods/Target Support Files/Pods-getHeartRate Extension/Pods-getHeartRate Extension-frameworks.sh\"\n";
			showEnvVarsInLog = 0;
		};
		9836E2422C5CCA19E2A45644 /* [CP] Embed Pods Frameworks */ = {
			isa = PBXShellScriptBuildPhase;
			buildActionMask = 2147483647;
			files = (
			);
			inputPaths = (
			);
			name = "[CP] Embed Pods Frameworks";
			outputPaths = (
			);
			runOnlyForDeploymentPostprocessing = 0;
			shellPath = /bin/sh;
			shellScript = "\"${SRCROOT}/../Pods/Target Support Files/Pods-piHeartRate/Pods-piHeartRate-frameworks.sh\"\n\n./Fabric.framework/run e512b82c982389b8fb26443c70939fcd01afaa06 1752de2232b1d47378840abf841e8bb852818f598204f97779f07400a6b6263b";
			showEnvVarsInLog = 0;
		};
		9C389FD4660FEA1E370E37B9 /* [CP] Copy Pods Resources */ = {
			isa = PBXShellScriptBuildPhase;
			buildActionMask = 2147483647;
			files = (
			);
			inputPaths = (
			);
			name = "[CP] Copy Pods Resources";
			outputPaths = (
			);
			runOnlyForDeploymentPostprocessing = 0;
			shellPath = /bin/sh;
			shellScript = "\"${SRCROOT}/../Pods/Target Support Files/Pods-getHeartRate/Pods-getHeartRate-resources.sh\"\n";
			showEnvVarsInLog = 0;
		};
		C51E8C66107222799C7E31EE /* [CP] Copy Pods Resources */ = {
			isa = PBXShellScriptBuildPhase;
			buildActionMask = 2147483647;
			files = (
			);
			inputPaths = (
			);
			name = "[CP] Copy Pods Resources";
			outputPaths = (
			);
			runOnlyForDeploymentPostprocessing = 0;
			shellPath = /bin/sh;
			shellScript = "\"${SRCROOT}/../Pods/Target Support Files/Pods-piHeartRate/Pods-piHeartRate-resources.sh\"\n";
			showEnvVarsInLog = 0;
		};
		C88F0434B8A9F5F1C6E91522 /* [CP] Check Pods Manifest.lock */ = {
			isa = PBXShellScriptBuildPhase;
			buildActionMask = 2147483647;
			files = (
			);
			inputPaths = (
			);
			name = "[CP] Check Pods Manifest.lock";
			outputPaths = (
			);
			runOnlyForDeploymentPostprocessing = 0;
			shellPath = /bin/sh;
			shellScript = "diff \"${PODS_ROOT}/../Podfile.lock\" \"${PODS_ROOT}/Manifest.lock\" > /dev/null\nif [[ $? != 0 ]] ; then\n    cat << EOM\nerror: The sandbox is not in sync with the Podfile.lock. Run 'pod install' or update your CocoaPods installation.\nEOM\n    exit 1\nfi\n";
			showEnvVarsInLog = 0;
		};
/* End PBXShellScriptBuildPhase section */

/* Begin PBXSourcesBuildPhase section */
		6A0B50891D1DD20800EDC0FB /* Sources */ = {
			isa = PBXSourcesBuildPhase;
			buildActionMask = 2147483647;
			files = (
				6A5996DD1D23CA110084CDFD /* TwitterViewController.swift in Sources */,
				6A0B50931D1DD20800EDC0FB /* HRViewController.swift in Sources */,
				6A0B50911D1DD20800EDC0FB /* AppDelegate.swift in Sources */,
			);
			runOnlyForDeploymentPostprocessing = 0;
		};
		6A0B50AC1D1DD2BF00EDC0FB /* Sources */ = {
			isa = PBXSourcesBuildPhase;
			buildActionMask = 2147483647;
			files = (
				6A0B50B81D1DD2BF00EDC0FB /* ExtensionDelegate.swift in Sources */,
				6A0B50B61D1DD2BF00EDC0FB /* InterfaceController.swift in Sources */,
			);
			runOnlyForDeploymentPostprocessing = 0;
		};
/* End PBXSourcesBuildPhase section */

/* Begin PBXTargetDependency section */
		6A0B50B31D1DD2BF00EDC0FB /* PBXTargetDependency */ = {
			isa = PBXTargetDependency;
			target = 6A0B50AF1D1DD2BF00EDC0FB /* getHeartRate Extension */;
			targetProxy = 6A0B50B21D1DD2BF00EDC0FB /* PBXContainerItemProxy */;
		};
		6A0B50BD1D1DD2BF00EDC0FB /* PBXTargetDependency */ = {
			isa = PBXTargetDependency;
			target = 6A0B50A31D1DD2BF00EDC0FB /* getHeartRate */;
			targetProxy = 6A0B50BC1D1DD2BF00EDC0FB /* PBXContainerItemProxy */;
		};
/* End PBXTargetDependency section */

/* Begin PBXVariantGroup section */
		6A0B50941D1DD20800EDC0FB /* Main.storyboard */ = {
			isa = PBXVariantGroup;
			children = (
				6A0B50951D1DD20800EDC0FB /* Base */,
			);
			name = Main.storyboard;
			sourceTree = "<group>";
		};
		6A0B50991D1DD20800EDC0FB /* LaunchScreen.storyboard */ = {
			isa = PBXVariantGroup;
			children = (
				6A0B509A1D1DD20800EDC0FB /* Base */,
			);
			name = LaunchScreen.storyboard;
			sourceTree = "<group>";
		};
		6A0B50A61D1DD2BF00EDC0FB /* Interface.storyboard */ = {
			isa = PBXVariantGroup;
			children = (
				6A0B50A71D1DD2BF00EDC0FB /* Base */,
			);
			name = Interface.storyboard;
			sourceTree = "<group>";
		};
/* End PBXVariantGroup section */

/* Begin XCBuildConfiguration section */
		6A0B509D1D1DD20800EDC0FB /* Debug */ = {
			isa = XCBuildConfiguration;
			buildSettings = {
				ALWAYS_SEARCH_USER_PATHS = NO;
				CLANG_ANALYZER_NONNULL = YES;
				CLANG_CXX_LANGUAGE_STANDARD = "gnu++0x";
				CLANG_CXX_LIBRARY = "libc++";
				CLANG_ENABLE_MODULES = YES;
				CLANG_ENABLE_OBJC_ARC = YES;
				CLANG_WARN_BOOL_CONVERSION = YES;
				CLANG_WARN_CONSTANT_CONVERSION = YES;
				CLANG_WARN_DIRECT_OBJC_ISA_USAGE = YES_ERROR;
				CLANG_WARN_EMPTY_BODY = YES;
				CLANG_WARN_ENUM_CONVERSION = YES;
				CLANG_WARN_INT_CONVERSION = YES;
				CLANG_WARN_OBJC_ROOT_CLASS = YES_ERROR;
				CLANG_WARN_UNREACHABLE_CODE = YES;
				CLANG_WARN__DUPLICATE_METHOD_MATCH = YES;
				"CODE_SIGN_IDENTITY[sdk=iphoneos*]" = "iPhone Developer";
				COPY_PHASE_STRIP = NO;
				DEBUG_INFORMATION_FORMAT = dwarf;
				ENABLE_STRICT_OBJC_MSGSEND = YES;
				ENABLE_TESTABILITY = YES;
				GCC_C_LANGUAGE_STANDARD = gnu99;
				GCC_DYNAMIC_NO_PIC = NO;
				GCC_NO_COMMON_BLOCKS = YES;
				GCC_OPTIMIZATION_LEVEL = 0;
				GCC_PREPROCESSOR_DEFINITIONS = (
					"DEBUG=1",
					"$(inherited)",
				);
				GCC_WARN_64_TO_32_BIT_CONVERSION = YES;
				GCC_WARN_ABOUT_RETURN_TYPE = YES_ERROR;
				GCC_WARN_UNDECLARED_SELECTOR = YES;
				GCC_WARN_UNINITIALIZED_AUTOS = YES_AGGRESSIVE;
				GCC_WARN_UNUSED_FUNCTION = YES;
				GCC_WARN_UNUSED_VARIABLE = YES;
				IPHONEOS_DEPLOYMENT_TARGET = 9.3;
				MTL_ENABLE_DEBUG_INFO = YES;
				ONLY_ACTIVE_ARCH = YES;
				SDKROOT = iphoneos;
				SWIFT_OPTIMIZATION_LEVEL = "-Onone";
				TARGETED_DEVICE_FAMILY = "1,2";
			};
			name = Debug;
		};
		6A0B509E1D1DD20800EDC0FB /* Release */ = {
			isa = XCBuildConfiguration;
			buildSettings = {
				ALWAYS_SEARCH_USER_PATHS = NO;
				CLANG_ANALYZER_NONNULL = YES;
				CLANG_CXX_LANGUAGE_STANDARD = "gnu++0x";
				CLANG_CXX_LIBRARY = "libc++";
				CLANG_ENABLE_MODULES = YES;
				CLANG_ENABLE_OBJC_ARC = YES;
				CLANG_WARN_BOOL_CONVERSION = YES;
				CLANG_WARN_CONSTANT_CONVERSION = YES;
				CLANG_WARN_DIRECT_OBJC_ISA_USAGE = YES_ERROR;
				CLANG_WARN_EMPTY_BODY = YES;
				CLANG_WARN_ENUM_CONVERSION = YES;
				CLANG_WARN_INT_CONVERSION = YES;
				CLANG_WARN_OBJC_ROOT_CLASS = YES_ERROR;
				CLANG_WARN_UNREACHABLE_CODE = YES;
				CLANG_WARN__DUPLICATE_METHOD_MATCH = YES;
				"CODE_SIGN_IDENTITY[sdk=iphoneos*]" = "iPhone Developer";
				COPY_PHASE_STRIP = NO;
				DEBUG_INFORMATION_FORMAT = "dwarf-with-dsym";
				ENABLE_NS_ASSERTIONS = NO;
				ENABLE_STRICT_OBJC_MSGSEND = YES;
				GCC_C_LANGUAGE_STANDARD = gnu99;
				GCC_NO_COMMON_BLOCKS = YES;
				GCC_WARN_64_TO_32_BIT_CONVERSION = YES;
				GCC_WARN_ABOUT_RETURN_TYPE = YES_ERROR;
				GCC_WARN_UNDECLARED_SELECTOR = YES;
				GCC_WARN_UNINITIALIZED_AUTOS = YES_AGGRESSIVE;
				GCC_WARN_UNUSED_FUNCTION = YES;
				GCC_WARN_UNUSED_VARIABLE = YES;
				IPHONEOS_DEPLOYMENT_TARGET = 9.3;
				MTL_ENABLE_DEBUG_INFO = NO;
				SDKROOT = iphoneos;
				TARGETED_DEVICE_FAMILY = "1,2";
				VALIDATE_PRODUCT = YES;
			};
			name = Release;
		};
		6A0B50A01D1DD20800EDC0FB /* Debug */ = {
			isa = XCBuildConfiguration;
			baseConfigurationReference = 7244D1D81D83C0D3C6420687 /* Pods-piHeartRate.debug.xcconfig */;
			buildSettings = {
				ASSETCATALOG_COMPILER_APPICON_NAME = AppIcon;
				CODE_SIGN_ENTITLEMENTS = piHeartRate/piHeartRate.entitlements;
				CODE_SIGN_IDENTITY = "iPhone Developer";
				FRAMEWORK_SEARCH_PATHS = (
					"$(inherited)",
					"$(PROJECT_DIR)",
				);
				INFOPLIST_FILE = piHeartRate/Info.plist;
				LD_RUNPATH_SEARCH_PATHS = "$(inherited) @executable_path/Frameworks";
				PRODUCT_BUNDLE_IDENTIFIER = com.ldev.piHeartRate;
				PRODUCT_NAME = "$(TARGET_NAME)";
			};
			name = Debug;
		};
		6A0B50A11D1DD20800EDC0FB /* Release */ = {
			isa = XCBuildConfiguration;
			baseConfigurationReference = DD6030FD86778B9FA5076406 /* Pods-piHeartRate.release.xcconfig */;
			buildSettings = {
				ASSETCATALOG_COMPILER_APPICON_NAME = AppIcon;
				CODE_SIGN_ENTITLEMENTS = piHeartRate/piHeartRate.entitlements;
				CODE_SIGN_IDENTITY = "iPhone Developer";
				FRAMEWORK_SEARCH_PATHS = (
					"$(inherited)",
					"$(PROJECT_DIR)",
				);
				INFOPLIST_FILE = piHeartRate/Info.plist;
				LD_RUNPATH_SEARCH_PATHS = "$(inherited) @executable_path/Frameworks";
				PRODUCT_BUNDLE_IDENTIFIER = com.ldev.piHeartRate;
				PRODUCT_NAME = "$(TARGET_NAME)";
			};
			name = Release;
		};
		6A0B50C01D1DD2BF00EDC0FB /* Debug */ = {
			isa = XCBuildConfiguration;
			baseConfigurationReference = 481BB53A415765FA17F0200A /* Pods-getHeartRate Extension.debug.xcconfig */;
			buildSettings = {
				CODE_SIGN_ENTITLEMENTS = "getHeartRate Extension/getHeartRate Extension.entitlements";
				CODE_SIGN_IDENTITY = "iPhone Developer";
				"CODE_SIGN_IDENTITY[sdk=watchos*]" = "iPhone Developer";
				INFOPLIST_FILE = "getHeartRate Extension/Info.plist";
				LD_RUNPATH_SEARCH_PATHS = "$(inherited) @executable_path/Frameworks @executable_path/../../Frameworks";
				PRODUCT_BUNDLE_IDENTIFIER = com.ldev.piHeartRate.watchkitapp.watchkitextension;
				PRODUCT_NAME = "${TARGET_NAME}";
				PROVISIONING_PROFILE = "";
				SDKROOT = watchos;
				SKIP_INSTALL = YES;
				TARGETED_DEVICE_FAMILY = 4;
				WATCHOS_DEPLOYMENT_TARGET = 2.2;
			};
			name = Debug;
		};
		6A0B50C11D1DD2BF00EDC0FB /* Release */ = {
			isa = XCBuildConfiguration;
			baseConfigurationReference = DE63EABEDE5BC4DFA4EF6302 /* Pods-getHeartRate Extension.release.xcconfig */;
			buildSettings = {
				CODE_SIGN_ENTITLEMENTS = "getHeartRate Extension/getHeartRate Extension.entitlements";
				CODE_SIGN_IDENTITY = "iPhone Developer";
				"CODE_SIGN_IDENTITY[sdk=watchos*]" = "iPhone Developer";
				INFOPLIST_FILE = "getHeartRate Extension/Info.plist";
				LD_RUNPATH_SEARCH_PATHS = "$(inherited) @executable_path/Frameworks @executable_path/../../Frameworks";
				PRODUCT_BUNDLE_IDENTIFIER = com.ldev.piHeartRate.watchkitapp.watchkitextension;
				PRODUCT_NAME = "${TARGET_NAME}";
				PROVISIONING_PROFILE = "";
				SDKROOT = watchos;
				SKIP_INSTALL = YES;
				TARGETED_DEVICE_FAMILY = 4;
				WATCHOS_DEPLOYMENT_TARGET = 2.2;
			};
			name = Release;
		};
		6A0B50C41D1DD2BF00EDC0FB /* Debug */ = {
			isa = XCBuildConfiguration;
			baseConfigurationReference = 1F35D0E4261B5E6B408B1CB1 /* Pods-getHeartRate.debug.xcconfig */;
			buildSettings = {
				ASSETCATALOG_COMPILER_APPICON_NAME = AppIcon;
				CODE_SIGN_IDENTITY = "iPhone Developer";
				EMBEDDED_CONTENT_CONTAINS_SWIFT = YES;
				IBSC_MODULE = getHeartRate_Extension;
				INFOPLIST_FILE = getHeartRate/Info.plist;
				PRODUCT_BUNDLE_IDENTIFIER = com.ldev.piHeartRate.watchkitapp;
				PRODUCT_NAME = "$(TARGET_NAME)";
				SDKROOT = watchos;
				SKIP_INSTALL = YES;
				TARGETED_DEVICE_FAMILY = 4;
				WATCHOS_DEPLOYMENT_TARGET = 2.2;
			};
			name = Debug;
		};
		6A0B50C51D1DD2BF00EDC0FB /* Release */ = {
			isa = XCBuildConfiguration;
			baseConfigurationReference = 0F11335E839F75E3E99B3DE1 /* Pods-getHeartRate.release.xcconfig */;
			buildSettings = {
				ASSETCATALOG_COMPILER_APPICON_NAME = AppIcon;
				CODE_SIGN_IDENTITY = "iPhone Developer";
				EMBEDDED_CONTENT_CONTAINS_SWIFT = YES;
				IBSC_MODULE = getHeartRate_Extension;
				INFOPLIST_FILE = getHeartRate/Info.plist;
				PRODUCT_BUNDLE_IDENTIFIER = com.ldev.piHeartRate.watchkitapp;
				PRODUCT_NAME = "$(TARGET_NAME)";
				SDKROOT = watchos;
				SKIP_INSTALL = YES;
				TARGETED_DEVICE_FAMILY = 4;
				WATCHOS_DEPLOYMENT_TARGET = 2.2;
			};
			name = Release;
		};
/* End XCBuildConfiguration section */

/* Begin XCConfigurationList section */
		6A0B50881D1DD20700EDC0FB /* Build configuration list for PBXProject "piHeartRate" */ = {
			isa = XCConfigurationList;
			buildConfigurations = (
				6A0B509D1D1DD20800EDC0FB /* Debug */,
				6A0B509E1D1DD20800EDC0FB /* Release */,
			);
			defaultConfigurationIsVisible = 0;
			defaultConfigurationName = Release;
		};
		6A0B509F1D1DD20800EDC0FB /* Build configuration list for PBXNativeTarget "piHeartRate" */ = {
			isa = XCConfigurationList;
			buildConfigurations = (
				6A0B50A01D1DD20800EDC0FB /* Debug */,
				6A0B50A11D1DD20800EDC0FB /* Release */,
			);
			defaultConfigurationIsVisible = 0;
			defaultConfigurationName = Release;
		};
		6A0B50BF1D1DD2BF00EDC0FB /* Build configuration list for PBXNativeTarget "getHeartRate Extension" */ = {
			isa = XCConfigurationList;
			buildConfigurations = (
				6A0B50C01D1DD2BF00EDC0FB /* Debug */,
				6A0B50C11D1DD2BF00EDC0FB /* Release */,
			);
			defaultConfigurationIsVisible = 0;
			defaultConfigurationName = Release;
		};
		6A0B50C31D1DD2BF00EDC0FB /* Build configuration list for PBXNativeTarget "getHeartRate" */ = {
			isa = XCConfigurationList;
			buildConfigurations = (
				6A0B50C41D1DD2BF00EDC0FB /* Debug */,
				6A0B50C51D1DD2BF00EDC0FB /* Release */,
			);
			defaultConfigurationIsVisible = 0;
			defaultConfigurationName = Release;
		};
/* End XCConfigurationList section */
	};
	rootObject = 6A0B50851D1DD20700EDC0FB /* Project object */;
}
