// !$*UTF8*$!
{
	archiveVersion = 1;
	classes = {
	};
	objectVersion = 46;
	objects = {

/* Begin PBXBuildFile section */
		6AE1DC7F1D07338D00C24422 /* AppDelegate.swift in Sources */ = {isa = PBXBuildFile; fileRef = 6AE1DC7E1D07338D00C24422 /* AppDelegate.swift */; };
		6AE1DC811D07338D00C24422 /* ViewController.swift in Sources */ = {isa = PBXBuildFile; fileRef = 6AE1DC801D07338D00C24422 /* ViewController.swift */; };
		6AE1DC841D07338D00C24422 /* Main.storyboard in Resources */ = {isa = PBXBuildFile; fileRef = 6AE1DC821D07338D00C24422 /* Main.storyboard */; };
		6AE1DC861D07338D00C24422 /* Assets.xcassets in Resources */ = {isa = PBXBuildFile; fileRef = 6AE1DC851D07338D00C24422 /* Assets.xcassets */; };
		6AE1DC891D07338D00C24422 /* LaunchScreen.storyboard in Resources */ = {isa = PBXBuildFile; fileRef = 6AE1DC871D07338D00C24422 /* LaunchScreen.storyboard */; };
		6AE1DC941D07338D00C24422 /* piHeartRateTests.swift in Sources */ = {isa = PBXBuildFile; fileRef = 6AE1DC931D07338D00C24422 /* piHeartRateTests.swift */; };
		6AE1DC9F1D07338D00C24422 /* piHeartRateUITests.swift in Sources */ = {isa = PBXBuildFile; fileRef = 6AE1DC9E1D07338D00C24422 /* piHeartRateUITests.swift */; };
/* End PBXBuildFile section */

/* Begin PBXContainerItemProxy section */
		6AE1DC901D07338D00C24422 /* PBXContainerItemProxy */ = {
			isa = PBXContainerItemProxy;
			containerPortal = 6AE1DC731D07338D00C24422 /* Project object */;
			proxyType = 1;
			remoteGlobalIDString = 6AE1DC7A1D07338D00C24422;
			remoteInfo = piHeartRate;
		};
		6AE1DC9B1D07338D00C24422 /* PBXContainerItemProxy */ = {
			isa = PBXContainerItemProxy;
			containerPortal = 6AE1DC731D07338D00C24422 /* Project object */;
			proxyType = 1;
			remoteGlobalIDString = 6AE1DC7A1D07338D00C24422;
			remoteInfo = piHeartRate;
		};
/* End PBXContainerItemProxy section */

/* Begin PBXFileReference section */
		6AE1DC7B1D07338D00C24422 /* piHeartRate.app */ = {isa = PBXFileReference; explicitFileType = wrapper.application; includeInIndex = 0; path = piHeartRate.app; sourceTree = BUILT_PRODUCTS_DIR; };
		6AE1DC7E1D07338D00C24422 /* AppDelegate.swift */ = {isa = PBXFileReference; lastKnownFileType = sourcecode.swift; path = AppDelegate.swift; sourceTree = "<group>"; };
		6AE1DC801D07338D00C24422 /* ViewController.swift */ = {isa = PBXFileReference; lastKnownFileType = sourcecode.swift; path = ViewController.swift; sourceTree = "<group>"; };
		6AE1DC831D07338D00C24422 /* Base */ = {isa = PBXFileReference; lastKnownFileType = file.storyboard; name = Base; path = Base.lproj/Main.storyboard; sourceTree = "<group>"; };
		6AE1DC851D07338D00C24422 /* Assets.xcassets */ = {isa = PBXFileReference; lastKnownFileType = folder.assetcatalog; path = Assets.xcassets; sourceTree = "<group>"; };
		6AE1DC881D07338D00C24422 /* Base */ = {isa = PBXFileReference; lastKnownFileType = file.storyboard; name = Base; path = Base.lproj/LaunchScreen.storyboard; sourceTree = "<group>"; };
		6AE1DC8A1D07338D00C24422 /* Info.plist */ = {isa = PBXFileReference; lastKnownFileType = text.plist.xml; path = Info.plist; sourceTree = "<group>"; };
		6AE1DC8F1D07338D00C24422 /* piHeartRateTests.xctest */ = {isa = PBXFileReference; explicitFileType = wrapper.cfbundle; includeInIndex = 0; path = piHeartRateTests.xctest; sourceTree = BUILT_PRODUCTS_DIR; };
		6AE1DC931D07338D00C24422 /* piHeartRateTests.swift */ = {isa = PBXFileReference; lastKnownFileType = sourcecode.swift; path = piHeartRateTests.swift; sourceTree = "<group>"; };
		6AE1DC951D07338D00C24422 /* Info.plist */ = {isa = PBXFileReference; lastKnownFileType = text.plist.xml; path = Info.plist; sourceTree = "<group>"; };
		6AE1DC9A1D07338D00C24422 /* piHeartRateUITests.xctest */ = {isa = PBXFileReference; explicitFileType = wrapper.cfbundle; includeInIndex = 0; path = piHeartRateUITests.xctest; sourceTree = BUILT_PRODUCTS_DIR; };
		6AE1DC9E1D07338D00C24422 /* piHeartRateUITests.swift */ = {isa = PBXFileReference; lastKnownFileType = sourcecode.swift; path = piHeartRateUITests.swift; sourceTree = "<group>"; };
		6AE1DCA01D07338D00C24422 /* Info.plist */ = {isa = PBXFileReference; lastKnownFileType = text.plist.xml; path = Info.plist; sourceTree = "<group>"; };
/* End PBXFileReference section */

/* Begin PBXFrameworksBuildPhase section */
		6AE1DC781D07338D00C24422 /* Frameworks */ = {
			isa = PBXFrameworksBuildPhase;
			buildActionMask = 2147483647;
			files = (
			);
			runOnlyForDeploymentPostprocessing = 0;
		};
		6AE1DC8C1D07338D00C24422 /* Frameworks */ = {
			isa = PBXFrameworksBuildPhase;
			buildActionMask = 2147483647;
			files = (
			);
			runOnlyForDeploymentPostprocessing = 0;
		};
		6AE1DC971D07338D00C24422 /* Frameworks */ = {
			isa = PBXFrameworksBuildPhase;
			buildActionMask = 2147483647;
			files = (
			);
			runOnlyForDeploymentPostprocessing = 0;
		};
/* End PBXFrameworksBuildPhase section */

/* Begin PBXGroup section */
		6AE1DC721D07338D00C24422 = {
			isa = PBXGroup;
			children = (
				6AE1DC7D1D07338D00C24422 /* piHeartRate */,
				6AE1DC921D07338D00C24422 /* piHeartRateTests */,
				6AE1DC9D1D07338D00C24422 /* piHeartRateUITests */,
				6AE1DC7C1D07338D00C24422 /* Products */,
			);
			sourceTree = "<group>";
		};
		6AE1DC7C1D07338D00C24422 /* Products */ = {
			isa = PBXGroup;
			children = (
				6AE1DC7B1D07338D00C24422 /* piHeartRate.app */,
				6AE1DC8F1D07338D00C24422 /* piHeartRateTests.xctest */,
				6AE1DC9A1D07338D00C24422 /* piHeartRateUITests.xctest */,
			);
			name = Products;
			sourceTree = "<group>";
		};
		6AE1DC7D1D07338D00C24422 /* piHeartRate */ = {
			isa = PBXGroup;
			children = (
				6AE1DC7E1D07338D00C24422 /* AppDelegate.swift */,
				6AE1DC801D07338D00C24422 /* ViewController.swift */,
				6AE1DC821D07338D00C24422 /* Main.storyboard */,
				6AE1DC851D07338D00C24422 /* Assets.xcassets */,
				6AE1DC871D07338D00C24422 /* LaunchScreen.storyboard */,
				6AE1DC8A1D07338D00C24422 /* Info.plist */,
			);
			path = piHeartRate;
			sourceTree = "<group>";
		};
		6AE1DC921D07338D00C24422 /* piHeartRateTests */ = {
			isa = PBXGroup;
			children = (
				6AE1DC931D07338D00C24422 /* piHeartRateTests.swift */,
				6AE1DC951D07338D00C24422 /* Info.plist */,
			);
			path = piHeartRateTests;
			sourceTree = "<group>";
		};
		6AE1DC9D1D07338D00C24422 /* piHeartRateUITests */ = {
			isa = PBXGroup;
			children = (
				6AE1DC9E1D07338D00C24422 /* piHeartRateUITests.swift */,
				6AE1DCA01D07338D00C24422 /* Info.plist */,
			);
			path = piHeartRateUITests;
			sourceTree = "<group>";
		};
/* End PBXGroup section */

/* Begin PBXNativeTarget section */
		6AE1DC7A1D07338D00C24422 /* piHeartRate */ = {
			isa = PBXNativeTarget;
			buildConfigurationList = 6AE1DCA31D07338D00C24422 /* Build configuration list for PBXNativeTarget "piHeartRate" */;
			buildPhases = (
				6AE1DC771D07338D00C24422 /* Sources */,
				6AE1DC781D07338D00C24422 /* Frameworks */,
				6AE1DC791D07338D00C24422 /* Resources */,
			);
			buildRules = (
			);
			dependencies = (
			);
			name = piHeartRate;
			productName = piHeartRate;
			productReference = 6AE1DC7B1D07338D00C24422 /* piHeartRate.app */;
			productType = "com.apple.product-type.application";
		};
		6AE1DC8E1D07338D00C24422 /* piHeartRateTests */ = {
			isa = PBXNativeTarget;
			buildConfigurationList = 6AE1DCA61D07338D00C24422 /* Build configuration list for PBXNativeTarget "piHeartRateTests" */;
			buildPhases = (
				6AE1DC8B1D07338D00C24422 /* Sources */,
				6AE1DC8C1D07338D00C24422 /* Frameworks */,
				6AE1DC8D1D07338D00C24422 /* Resources */,
			);
			buildRules = (
			);
			dependencies = (
				6AE1DC911D07338D00C24422 /* PBXTargetDependency */,
			);
			name = piHeartRateTests;
			productName = piHeartRateTests;
			productReference = 6AE1DC8F1D07338D00C24422 /* piHeartRateTests.xctest */;
			productType = "com.apple.product-type.bundle.unit-test";
		};
		6AE1DC991D07338D00C24422 /* piHeartRateUITests */ = {
			isa = PBXNativeTarget;
			buildConfigurationList = 6AE1DCA91D07338D00C24422 /* Build configuration list for PBXNativeTarget "piHeartRateUITests" */;
			buildPhases = (
				6AE1DC961D07338D00C24422 /* Sources */,
				6AE1DC971D07338D00C24422 /* Frameworks */,
				6AE1DC981D07338D00C24422 /* Resources */,
			);
			buildRules = (
			);
			dependencies = (
				6AE1DC9C1D07338D00C24422 /* PBXTargetDependency */,
			);
			name = piHeartRateUITests;
			productName = piHeartRateUITests;
			productReference = 6AE1DC9A1D07338D00C24422 /* piHeartRateUITests.xctest */;
			productType = "com.apple.product-type.bundle.ui-testing";
		};
/* End PBXNativeTarget section */

/* Begin PBXProject section */
		6AE1DC731D07338D00C24422 /* Project object */ = {
			isa = PBXProject;
			attributes = {
				LastSwiftUpdateCheck = 0730;
				LastUpgradeCheck = 0730;
				ORGANIZATIONNAME = "Lizzie Siegle";
				TargetAttributes = {
					6AE1DC7A1D07338D00C24422 = {
						CreatedOnToolsVersion = 7.3.1;
					};
					6AE1DC8E1D07338D00C24422 = {
						CreatedOnToolsVersion = 7.3.1;
						TestTargetID = 6AE1DC7A1D07338D00C24422;
					};
					6AE1DC991D07338D00C24422 = {
						CreatedOnToolsVersion = 7.3.1;
						TestTargetID = 6AE1DC7A1D07338D00C24422;
					};
				};
			};
			buildConfigurationList = 6AE1DC761D07338D00C24422 /* Build configuration list for PBXProject "piHeartRate" */;
			compatibilityVersion = "Xcode 3.2";
			developmentRegion = English;
			hasScannedForEncodings = 0;
			knownRegions = (
				en,
				Base,
			);
			mainGroup = 6AE1DC721D07338D00C24422;
			productRefGroup = 6AE1DC7C1D07338D00C24422 /* Products */;
			projectDirPath = "";
			projectRoot = "";
			targets = (
				6AE1DC7A1D07338D00C24422 /* piHeartRate */,
				6AE1DC8E1D07338D00C24422 /* piHeartRateTests */,
				6AE1DC991D07338D00C24422 /* piHeartRateUITests */,
			);
		};
/* End PBXProject section */

/* Begin PBXResourcesBuildPhase section */
		6AE1DC791D07338D00C24422 /* Resources */ = {
			isa = PBXResourcesBuildPhase;
			buildActionMask = 2147483647;
			files = (
				6AE1DC891D07338D00C24422 /* LaunchScreen.storyboard in Resources */,
				6AE1DC861D07338D00C24422 /* Assets.xcassets in Resources */,
				6AE1DC841D07338D00C24422 /* Main.storyboard in Resources */,
			);
			runOnlyForDeploymentPostprocessing = 0;
		};
		6AE1DC8D1D07338D00C24422 /* Resources */ = {
			isa = PBXResourcesBuildPhase;
			buildActionMask = 2147483647;
			files = (
			);
			runOnlyForDeploymentPostprocessing = 0;
		};
		6AE1DC981D07338D00C24422 /* Resources */ = {
			isa = PBXResourcesBuildPhase;
			buildActionMask = 2147483647;
			files = (
			);
			runOnlyForDeploymentPostprocessing = 0;
		};
/* End PBXResourcesBuildPhase section */

/* Begin PBXSourcesBuildPhase section */
		6AE1DC771D07338D00C24422 /* Sources */ = {
			isa = PBXSourcesBuildPhase;
			buildActionMask = 2147483647;
			files = (
				6AE1DC811D07338D00C24422 /* ViewController.swift in Sources */,
				6AE1DC7F1D07338D00C24422 /* AppDelegate.swift in Sources */,
			);
			runOnlyForDeploymentPostprocessing = 0;
		};
		6AE1DC8B1D07338D00C24422 /* Sources */ = {
			isa = PBXSourcesBuildPhase;
			buildActionMask = 2147483647;
			files = (
				6AE1DC941D07338D00C24422 /* piHeartRateTests.swift in Sources */,
			);
			runOnlyForDeploymentPostprocessing = 0;
		};
		6AE1DC961D07338D00C24422 /* Sources */ = {
			isa = PBXSourcesBuildPhase;
			buildActionMask = 2147483647;
			files = (
				6AE1DC9F1D07338D00C24422 /* piHeartRateUITests.swift in Sources */,
			);
			runOnlyForDeploymentPostprocessing = 0;
		};
/* End PBXSourcesBuildPhase section */

/* Begin PBXTargetDependency section */
		6AE1DC911D07338D00C24422 /* PBXTargetDependency */ = {
			isa = PBXTargetDependency;
			target = 6AE1DC7A1D07338D00C24422 /* piHeartRate */;
			targetProxy = 6AE1DC901D07338D00C24422 /* PBXContainerItemProxy */;
		};
		6AE1DC9C1D07338D00C24422 /* PBXTargetDependency */ = {
			isa = PBXTargetDependency;
			target = 6AE1DC7A1D07338D00C24422 /* piHeartRate */;
			targetProxy = 6AE1DC9B1D07338D00C24422 /* PBXContainerItemProxy */;
		};
/* End PBXTargetDependency section */

/* Begin PBXVariantGroup section */
		6AE1DC821D07338D00C24422 /* Main.storyboard */ = {
			isa = PBXVariantGroup;
			children = (
				6AE1DC831D07338D00C24422 /* Base */,
			);
			name = Main.storyboard;
			sourceTree = "<group>";
		};
		6AE1DC871D07338D00C24422 /* LaunchScreen.storyboard */ = {
			isa = PBXVariantGroup;
			children = (
				6AE1DC881D07338D00C24422 /* Base */,
			);
			name = LaunchScreen.storyboard;
			sourceTree = "<group>";
		};
/* End PBXVariantGroup section */

/* Begin XCBuildConfiguration section */
		6AE1DCA11D07338D00C24422 /* Debug */ = {
			isa = XCBuildConfiguration;
			buildSettings = {
				ALWAYS_SEARCH_USER_PATHS = NO;
				CLANG_ANALYZER_NONNULL = YES;
				CLANG_CXX_LANGUAGE_STANDARD = "gnu++0x";
				CLANG_CXX_LIBRARY = "libc++";
				CLANG_ENABLE_MODULES = YES;
				CLANG_ENABLE_OBJC_ARC = YES;
				CLANG_WARN_BOOL_CONVERSION = YES;
				CLANG_WARN_CONSTANT_CONVERSION = YES;
				CLANG_WARN_DIRECT_OBJC_ISA_USAGE = YES_ERROR;
				CLANG_WARN_EMPTY_BODY = YES;
				CLANG_WARN_ENUM_CONVERSION = YES;
				CLANG_WARN_INT_CONVERSION = YES;
				CLANG_WARN_OBJC_ROOT_CLASS = YES_ERROR;
				CLANG_WARN_UNREACHABLE_CODE = YES;
				CLANG_WARN__DUPLICATE_METHOD_MATCH = YES;
				"CODE_SIGN_IDENTITY[sdk=iphoneos*]" = "iPhone Developer";
				COPY_PHASE_STRIP = NO;
				DEBUG_INFORMATION_FORMAT = dwarf;
				ENABLE_STRICT_OBJC_MSGSEND = YES;
				ENABLE_TESTABILITY = YES;
				GCC_C_LANGUAGE_STANDARD = gnu99;
				GCC_DYNAMIC_NO_PIC = NO;
				GCC_NO_COMMON_BLOCKS = YES;
				GCC_OPTIMIZATION_LEVEL = 0;
				GCC_PREPROCESSOR_DEFINITIONS = (
					"DEBUG=1",
					"$(inherited)",
				);
				GCC_WARN_64_TO_32_BIT_CONVERSION = YES;
				GCC_WARN_ABOUT_RETURN_TYPE = YES_ERROR;
				GCC_WARN_UNDECLARED_SELECTOR = YES;
				GCC_WARN_UNINITIALIZED_AUTOS = YES_AGGRESSIVE;
				GCC_WARN_UNUSED_FUNCTION = YES;
				GCC_WARN_UNUSED_VARIABLE = YES;
				IPHONEOS_DEPLOYMENT_TARGET = 9.3;
				MTL_ENABLE_DEBUG_INFO = YES;
				ONLY_ACTIVE_ARCH = YES;
				SDKROOT = iphoneos;
				SWIFT_OPTIMIZATION_LEVEL = "-Onone";
				TARGETED_DEVICE_FAMILY = "1,2";
			};
			name = Debug;
		};
		6AE1DCA21D07338D00C24422 /* Release */ = {
			isa = XCBuildConfiguration;
			buildSettings = {
				ALWAYS_SEARCH_USER_PATHS = NO;
				CLANG_ANALYZER_NONNULL = YES;
				CLANG_CXX_LANGUAGE_STANDARD = "gnu++0x";
				CLANG_CXX_LIBRARY = "libc++";
				CLANG_ENABLE_MODULES = YES;
				CLANG_ENABLE_OBJC_ARC = YES;
				CLANG_WARN_BOOL_CONVERSION = YES;
				CLANG_WARN_CONSTANT_CONVERSION = YES;
				CLANG_WARN_DIRECT_OBJC_ISA_USAGE = YES_ERROR;
				CLANG_WARN_EMPTY_BODY = YES;
				CLANG_WARN_ENUM_CONVERSION = YES;
				CLANG_WARN_INT_CONVERSION = YES;
				CLANG_WARN_OBJC_ROOT_CLASS = YES_ERROR;
				CLANG_WARN_UNREACHABLE_CODE = YES;
				CLANG_WARN__DUPLICATE_METHOD_MATCH = YES;
				"CODE_SIGN_IDENTITY[sdk=iphoneos*]" = "iPhone Developer";
				COPY_PHASE_STRIP = NO;
				DEBUG_INFORMATION_FORMAT = "dwarf-with-dsym";
				ENABLE_NS_ASSERTIONS = NO;
				ENABLE_STRICT_OBJC_MSGSEND = YES;
				GCC_C_LANGUAGE_STANDARD = gnu99;
				GCC_NO_COMMON_BLOCKS = YES;
				GCC_WARN_64_TO_32_BIT_CONVERSION = YES;
				GCC_WARN_ABOUT_RETURN_TYPE = YES_ERROR;
				GCC_WARN_UNDECLARED_SELECTOR = YES;
				GCC_WARN_UNINITIALIZED_AUTOS = YES_AGGRESSIVE;
				GCC_WARN_UNUSED_FUNCTION = YES;
				GCC_WARN_UNUSED_VARIABLE = YES;
				IPHONEOS_DEPLOYMENT_TARGET = 9.3;
				MTL_ENABLE_DEBUG_INFO = NO;
				SDKROOT = iphoneos;
				TARGETED_DEVICE_FAMILY = "1,2";
				VALIDATE_PRODUCT = YES;
			};
			name = Release;
		};
		6AE1DCA41D07338D00C24422 /* Debug */ = {
			isa = XCBuildConfiguration;
			buildSettings = {
				ASSETCATALOG_COMPILER_APPICON_NAME = AppIcon;
				INFOPLIST_FILE = piHeartRate/Info.plist;
				LD_RUNPATH_SEARCH_PATHS = "$(inherited) @executable_path/Frameworks";
				PRODUCT_BUNDLE_IDENTIFIER = lsie.piHeartRate;
				PRODUCT_NAME = "$(TARGET_NAME)";
			};
			name = Debug;
		};
		6AE1DCA51D07338D00C24422 /* Release */ = {
			isa = XCBuildConfiguration;
			buildSettings = {
				ASSETCATALOG_COMPILER_APPICON_NAME = AppIcon;
				INFOPLIST_FILE = piHeartRate/Info.plist;
				LD_RUNPATH_SEARCH_PATHS = "$(inherited) @executable_path/Frameworks";
				PRODUCT_BUNDLE_IDENTIFIER = lsie.piHeartRate;
				PRODUCT_NAME = "$(TARGET_NAME)";
			};
			name = Release;
		};
		6AE1DCA71D07338D00C24422 /* Debug */ = {
			isa = XCBuildConfiguration;
			buildSettings = {
				BUNDLE_LOADER = "$(TEST_HOST)";
				INFOPLIST_FILE = piHeartRateTests/Info.plist;
				LD_RUNPATH_SEARCH_PATHS = "$(inherited) @executable_path/Frameworks @loader_path/Frameworks";
				PRODUCT_BUNDLE_IDENTIFIER = lsie.piHeartRateTests;
				PRODUCT_NAME = "$(TARGET_NAME)";
				TEST_HOST = "$(BUILT_PRODUCTS_DIR)/piHeartRate.app/piHeartRate";
			};
			name = Debug;
		};
		6AE1DCA81D07338D00C24422 /* Release */ = {
			isa = XCBuildConfiguration;
			buildSettings = {
				BUNDLE_LOADER = "$(TEST_HOST)";
				INFOPLIST_FILE = piHeartRateTests/Info.plist;
				LD_RUNPATH_SEARCH_PATHS = "$(inherited) @executable_path/Frameworks @loader_path/Frameworks";
				PRODUCT_BUNDLE_IDENTIFIER = lsie.piHeartRateTests;
				PRODUCT_NAME = "$(TARGET_NAME)";
				TEST_HOST = "$(BUILT_PRODUCTS_DIR)/piHeartRate.app/piHeartRate";
			};
			name = Release;
		};
		6AE1DCAA1D07338D00C24422 /* Debug */ = {
			isa = XCBuildConfiguration;
			buildSettings = {
				INFOPLIST_FILE = piHeartRateUITests/Info.plist;
				LD_RUNPATH_SEARCH_PATHS = "$(inherited) @executable_path/Frameworks @loader_path/Frameworks";
				PRODUCT_BUNDLE_IDENTIFIER = lsie.piHeartRateUITests;
				PRODUCT_NAME = "$(TARGET_NAME)";
				TEST_TARGET_NAME = piHeartRate;
			};
			name = Debug;
		};
		6AE1DCAB1D07338D00C24422 /* Release */ = {
			isa = XCBuildConfiguration;
			buildSettings = {
				INFOPLIST_FILE = piHeartRateUITests/Info.plist;
				LD_RUNPATH_SEARCH_PATHS = "$(inherited) @executable_path/Frameworks @loader_path/Frameworks";
				PRODUCT_BUNDLE_IDENTIFIER = lsie.piHeartRateUITests;
				PRODUCT_NAME = "$(TARGET_NAME)";
				TEST_TARGET_NAME = piHeartRate;
			};
			name = Release;
		};
/* End XCBuildConfiguration section */

/* Begin XCConfigurationList section */
		6AE1DC761D07338D00C24422 /* Build configuration list for PBXProject "piHeartRate" */ = {
			isa = XCConfigurationList;
			buildConfigurations = (
				6AE1DCA11D07338D00C24422 /* Debug */,
				6AE1DCA21D07338D00C24422 /* Release */,
			);
			defaultConfigurationIsVisible = 0;
			defaultConfigurationName = Release;
		};
		6AE1DCA31D07338D00C24422 /* Build configuration list for PBXNativeTarget "piHeartRate" */ = {
			isa = XCConfigurationList;
			buildConfigurations = (
				6AE1DCA41D07338D00C24422 /* Debug */,
				6AE1DCA51D07338D00C24422 /* Release */,
			);
			defaultConfigurationIsVisible = 0;
		};
		6AE1DCA61D07338D00C24422 /* Build configuration list for PBXNativeTarget "piHeartRateTests" */ = {
			isa = XCConfigurationList;
			buildConfigurations = (
				6AE1DCA71D07338D00C24422 /* Debug */,
				6AE1DCA81D07338D00C24422 /* Release */,
			);
			defaultConfigurationIsVisible = 0;
		};
		6AE1DCA91D07338D00C24422 /* Build configuration list for PBXNativeTarget "piHeartRateUITests" */ = {
			isa = XCConfigurationList;
			buildConfigurations = (
				6AE1DCAA1D07338D00C24422 /* Debug */,
				6AE1DCAB1D07338D00C24422 /* Release */,
			);
			defaultConfigurationIsVisible = 0;
		};
/* End XCConfigurationList section */
	};
	rootObject = 6AE1DC731D07338D00C24422 /* Project object */;
}
